
Microsoft Visual Studio Solution File, Format Version 12.00
# Visual Studio 14
VisualStudioVersion = 14.0.25123.0
MinimumVisualStudioVersion = 10.0.40219.1
Project("{FAE04EC0-301F-11D3-BF4B-00C04F79EFBC}") = "Model", "Model\Model.csproj", "{EA0F705C-D302-46BC-B249-2CE0B0943901}"
EndProject
Project("{FAE04EC0-301F-11D3-BF4B-00C04F79EFBC}") = "BusinessLayer", "BusinessLayer\BusinessLayer.csproj", "{EFCE47C7-3EDC-4462-965C-1CF14DA8956F}"
EndProject
Project("{FAE04EC0-301F-11D3-BF4B-00C04F79EFBC}") = "XProductsModel", "XProductsModel\XProductsModel.csproj", "{97AB1512-BFC0-4620-B854-FA1873BFBF1F}"
EndProject
Project("{FAE04EC0-301F-11D3-BF4B-00C04F79EFBC}") = "XProductsWeb", "XProductsWeb\XProductsWeb.csproj", "{8ECDF038-3721-494E-B394-CC152E343539}"
EndProject
Project("{FAE04EC0-301F-11D3-BF4B-00C04F79EFBC}") = "WpfFrontend", "..\..\XProducts\WpfFrontend\WpfFrontend.csproj", "{F4C7DF75-D803-458E-B4EC-29428B91F984}"
EndProject
Global
	GlobalSection(SolutionConfigurationPlatforms) = preSolution
		Debug|Any CPU = Debug|Any CPU
		Release|Any CPU = Release|Any CPU
	EndGlobalSection
	GlobalSection(ProjectConfigurationPlatforms) = postSolution
		{EA0F705C-D302-46BC-B249-2CE0B0943901}.Debug|Any CPU.ActiveCfg = Debug|Any CPU
		{EA0F705C-D302-46BC-B249-2CE0B0943901}.Debug|Any CPU.Build.0 = Debug|Any CPU
		{EA0F705C-D302-46BC-B249-2CE0B0943901}.Release|Any CPU.ActiveCfg = Release|Any CPU
		{EA0F705C-D302-46BC-B249-2CE0B0943901}.Release|Any CPU.Build.0 = Release|Any CPU
		{EFCE47C7-3EDC-4462-965C-1CF14DA8956F}.Debug|Any CPU.ActiveCfg = Debug|Any CPU
		{EFCE47C7-3EDC-4462-965C-1CF14DA8956F}.Debug|Any CPU.Build.0 = Debug|Any CPU
		{EFCE47C7-3EDC-4462-965C-1CF14DA8956F}.Release|Any CPU.ActiveCfg = Release|Any CPU
		{EFCE47C7-3EDC-4462-965C-1CF14DA8956F}.Release|Any CPU.Build.0 = Release|Any CPU
		{97AB1512-BFC0-4620-B854-FA1873BFBF1F}.Debug|Any CPU.ActiveCfg = Debug|Any CPU
		{97AB1512-BFC0-4620-B854-FA1873BFBF1F}.Debug|Any CPU.Build.0 = Debug|Any CPU
		{97AB1512-BFC0-4620-B854-FA1873BFBF1F}.Release|Any CPU.ActiveCfg = Release|Any CPU
		{97AB1512-BFC0-4620-B854-FA1873BFBF1F}.Release|Any CPU.Build.0 = Release|Any CPU
		{8ECDF038-3721-494E-B394-CC152E343539}.Debug|Any CPU.ActiveCfg = Debug|Any CPU
		{8ECDF038-3721-494E-B394-CC152E343539}.Debug|Any CPU.Build.0 = Debug|Any CPU
		{8ECDF038-3721-494E-B394-CC152E343539}.Release|Any CPU.ActiveCfg = Release|Any CPU
		{8ECDF038-3721-494E-B394-CC152E343539}.Release|Any CPU.Build.0 = Release|Any CPU
		{F4C7DF75-D803-458E-B4EC-29428B91F984}.Debug|Any CPU.ActiveCfg = Debug|Any CPU
		{F4C7DF75-D803-458E-B4EC-29428B91F984}.Debug|Any CPU.Build.0 = Debug|Any CPU
		{F4C7DF75-D803-458E-B4EC-29428B91F984}.Release|Any CPU.ActiveCfg = Release|Any CPU
		{F4C7DF75-D803-458E-B4EC-29428B91F984}.Release|Any CPU.Build.0 = Release|Any CPU
	EndGlobalSection
	GlobalSection(SolutionProperties) = preSolution
		HideSolutionNode = FALSE
	EndGlobalSection
EndGlobal
